
Microsoft Visual Studio Solution File, Format Version 12.00
# Visual Studio Version 17
VisualStudioVersion = 17.7.34202.233
MinimumVisualStudioVersion = 10.0.40219.1
Project("{9A19103F-16F7-4668-BE54-9A1E7A4F7556}") = "ReferenceTypes", "ReferenceTypes\ReferenceTypes.csproj", "{80C087D5-0BE2-4699-8915-7DA147808187}"
EndProject
Project("{FAE04EC0-301F-11D3-BF4B-00C04F79EFBC}") = "Constructors", "Constructors\Constructors.csproj", "{76E6F2AE-25E1-4C86-BDE0-15696E16C3FB}"
EndProject
Global
	GlobalSection(SolutionConfigurationPlatforms) = preSolution
		Debug|Any CPU = Debug|Any CPU
		Release|Any CPU = Release|Any CPU
	EndGlobalSection
	GlobalSection(ProjectConfigurationPlatforms) = postSolution
		{80C087D5-0BE2-4699-8915-7DA147808187}.Debug|Any CPU.ActiveCfg = Debug|Any CPU
		{80C087D5-0BE2-4699-8915-7DA147808187}.Debug|Any CPU.Build.0 = Debug|Any CPU
		{80C087D5-0BE2-4699-8915-7DA147808187}.Release|Any CPU.ActiveCfg = Release|Any CPU
		{80C087D5-0BE2-4699-8915-7DA147808187}.Release|Any CPU.Build.0 = Release|Any CPU
		{76E6F2AE-25E1-4C86-BDE0-15696E16C3FB}.Debug|Any CPU.ActiveCfg = Debug|Any CPU
		{76E6F2AE-25E1-4C86-BDE0-15696E16C3FB}.Debug|Any CPU.Build.0 = Debug|Any CPU
		{76E6F2AE-25E1-4C86-BDE0-15696E16C3FB}.Release|Any CPU.ActiveCfg = Release|Any CPU
		{76E6F2AE-25E1-4C86-BDE0-15696E16C3FB}.Release|Any CPU.Build.0 = Release|Any CPU
	EndGlobalSection
	GlobalSection(SolutionProperties) = preSolution
		HideSolutionNode = FALSE
	EndGlobalSection
	GlobalSection(ExtensibilityGlobals) = postSolution
		SolutionGuid = {4120F2EC-49DF-4ECF-A5A9-9A784D1B5335}
	EndGlobalSection
EndGlobal
